
Microsoft Visual Studio Solution File, Format Version 12.00
# Visual Studio Version 17
VisualStudioVersion = 17.4.33122.133
MinimumVisualStudioVersion = 10.0.40219.1
Project("{9A19103F-16F7-4668-BE54-9A1E7A4F7556}") = "Methodsto 14.12.2022", "Methodsto 14.12.2022.csproj", "{B00CCDA6-CE9E-4967-B368-F1FB38F40D89}"
EndProject
Global
	GlobalSection(SolutionConfigurationPlatforms) = preSolution
		Debug|Any CPU = Debug|Any CPU
		Release|Any CPU = Release|Any CPU
	EndGlobalSection
	GlobalSection(ProjectConfigurationPlatforms) = postSolution
		{B00CCDA6-CE9E-4967-B368-F1FB38F40D89}.Debug|Any CPU.ActiveCfg = Debug|Any CPU
		{B00CCDA6-CE9E-4967-B368-F1FB38F40D89}.Debug|Any CPU.Build.0 = Debug|Any CPU
		{B00CCDA6-CE9E-4967-B368-F1FB38F40D89}.Release|Any CPU.ActiveCfg = Release|Any CPU
		{B00CCDA6-CE9E-4967-B368-F1FB38F40D89}.Release|Any CPU.Build.0 = Release|Any CPU
	EndGlobalSection
	GlobalSection(SolutionProperties) = preSolution
		HideSolutionNode = FALSE
	EndGlobalSection
	GlobalSection(ExtensibilityGlobals) = postSolution
		SolutionGuid = {20F89E25-9358-4E9A-AC54-72F48BC09CF7}
	EndGlobalSection
EndGlobal
